
Microsoft Visual Studio Solution File, Format Version 12.00
Project("{FAE04EC0-301F-11D3-BF4B-00C04F79EFBC}") = "Overflow.AppHost", "Overflow.AppHost\Overflow.AppHost.csproj", "{E9CA1FF5-CEFA-4A6B-8B5E-EC11B88DBAA3}"
EndProject
Project("{FAE04EC0-301F-11D3-BF4B-00C04F79EFBC}") = "Overflow.ServiceDefaults", "Overflow.ServiceDefaults\Overflow.ServiceDefaults.csproj", "{48745F98-20B9-43B5-910E-3EFFF1E5720D}"
EndProject
Project("{2150E333-8FDC-42A3-9474-1A3956D46DE8}") = "services", "services", "{77481DD8-CCCD-44F1-9215-73E592893CBB}"
EndProject
Project("{FAE04EC0-301F-11D3-BF4B-00C04F79EFBC}") = "QuestionService", "QuestionService\QuestionService.csproj", "{FEF53C50-0D4F-4AA9-901C-05BBD155A40D}"
EndProject
Project("{FAE04EC0-301F-11D3-BF4B-00C04F79EFBC}") = "SearchService", "SearchService\SearchService.csproj", "{7C067EBA-D7E1-4579-9DA0-3FCFE4E57F6C}"
EndProject
Project("{2150E333-8FDC-42A3-9474-1A3956D46DE8}") = "common", "common", "{CD270F18-D0D7-4BB4-A4AA-C47A59E5B7AD}"
EndProject
Project("{FAE04EC0-301F-11D3-BF4B-00C04F79EFBC}") = "Contracts", "Contracts\Contracts.csproj", "{DEB09103-A276-4439-8EC4-5ED97E3DBA81}"
EndProject
Project("{FAE04EC0-301F-11D3-BF4B-00C04F79EFBC}") = "Common", "Common\Common.csproj", "{87824C49-AD7A-49C5-9072-C9358B30204D}"
EndProject
Project("{FAE04EC0-301F-11D3-BF4B-00C04F79EFBC}") = "ProfileService", "ProfileService\ProfileService.csproj", "{113A8679-8094-4564-A748-EDE4CB1F1564}"
EndProject
Global
	GlobalSection(SolutionConfigurationPlatforms) = preSolution
		Debug|Any CPU = Debug|Any CPU
		Release|Any CPU = Release|Any CPU
	EndGlobalSection
	GlobalSection(ProjectConfigurationPlatforms) = postSolution
		{E9CA1FF5-CEFA-4A6B-8B5E-EC11B88DBAA3}.Debug|Any CPU.ActiveCfg = Debug|Any CPU
		{E9CA1FF5-CEFA-4A6B-8B5E-EC11B88DBAA3}.Debug|Any CPU.Build.0 = Debug|Any CPU
		{E9CA1FF5-CEFA-4A6B-8B5E-EC11B88DBAA3}.Release|Any CPU.ActiveCfg = Release|Any CPU
		{E9CA1FF5-CEFA-4A6B-8B5E-EC11B88DBAA3}.Release|Any CPU.Build.0 = Release|Any CPU
		{48745F98-20B9-43B5-910E-3EFFF1E5720D}.Debug|Any CPU.ActiveCfg = Debug|Any CPU
		{48745F98-20B9-43B5-910E-3EFFF1E5720D}.Debug|Any CPU.Build.0 = Debug|Any CPU
		{48745F98-20B9-43B5-910E-3EFFF1E5720D}.Release|Any CPU.ActiveCfg = Release|Any CPU
		{48745F98-20B9-43B5-910E-3EFFF1E5720D}.Release|Any CPU.Build.0 = Release|Any CPU
		{FEF53C50-0D4F-4AA9-901C-05BBD155A40D}.Debug|Any CPU.ActiveCfg = Debug|Any CPU
		{FEF53C50-0D4F-4AA9-901C-05BBD155A40D}.Debug|Any CPU.Build.0 = Debug|Any CPU
		{FEF53C50-0D4F-4AA9-901C-05BBD155A40D}.Release|Any CPU.ActiveCfg = Release|Any CPU
		{FEF53C50-0D4F-4AA9-901C-05BBD155A40D}.Release|Any CPU.Build.0 = Release|Any CPU
		{7C067EBA-D7E1-4579-9DA0-3FCFE4E57F6C}.Debug|Any CPU.ActiveCfg = Debug|Any CPU
		{7C067EBA-D7E1-4579-9DA0-3FCFE4E57F6C}.Debug|Any CPU.Build.0 = Debug|Any CPU
		{7C067EBA-D7E1-4579-9DA0-3FCFE4E57F6C}.Release|Any CPU.ActiveCfg = Release|Any CPU
		{7C067EBA-D7E1-4579-9DA0-3FCFE4E57F6C}.Release|Any CPU.Build.0 = Release|Any CPU
		{DEB09103-A276-4439-8EC4-5ED97E3DBA81}.Debug|Any CPU.ActiveCfg = Debug|Any CPU
		{DEB09103-A276-4439-8EC4-5ED97E3DBA81}.Debug|Any CPU.Build.0 = Debug|Any CPU
		{DEB09103-A276-4439-8EC4-5ED97E3DBA81}.Release|Any CPU.ActiveCfg = Release|Any CPU
		{DEB09103-A276-4439-8EC4-5ED97E3DBA81}.Release|Any CPU.Build.0 = Release|Any CPU
		{87824C49-AD7A-49C5-9072-C9358B30204D}.Debug|Any CPU.ActiveCfg = Debug|Any CPU
		{87824C49-AD7A-49C5-9072-C9358B30204D}.Debug|Any CPU.Build.0 = Debug|Any CPU
		{87824C49-AD7A-49C5-9072-C9358B30204D}.Release|Any CPU.ActiveCfg = Release|Any CPU
		{87824C49-AD7A-49C5-9072-C9358B30204D}.Release|Any CPU.Build.0 = Release|Any CPU
		{113A8679-8094-4564-A748-EDE4CB1F1564}.Debug|Any CPU.ActiveCfg = Debug|Any CPU
		{113A8679-8094-4564-A748-EDE4CB1F1564}.Debug|Any CPU.Build.0 = Debug|Any CPU
		{113A8679-8094-4564-A748-EDE4CB1F1564}.Release|Any CPU.ActiveCfg = Release|Any CPU
		{113A8679-8094-4564-A748-EDE4CB1F1564}.Release|Any CPU.Build.0 = Release|Any CPU
	EndGlobalSection
	GlobalSection(NestedProjects) = preSolution
		{FEF53C50-0D4F-4AA9-901C-05BBD155A40D} = {77481DD8-CCCD-44F1-9215-73E592893CBB}
		{7C067EBA-D7E1-4579-9DA0-3FCFE4E57F6C} = {77481DD8-CCCD-44F1-9215-73E592893CBB}
		{DEB09103-A276-4439-8EC4-5ED97E3DBA81} = {CD270F18-D0D7-4BB4-A4AA-C47A59E5B7AD}
		{87824C49-AD7A-49C5-9072-C9358B30204D} = {CD270F18-D0D7-4BB4-A4AA-C47A59E5B7AD}
		{113A8679-8094-4564-A748-EDE4CB1F1564} = {77481DD8-CCCD-44F1-9215-73E592893CBB}
	EndGlobalSection
EndGlobal
